
Microsoft Visual Studio Solution File, Format Version 12.00
# Visual Studio 15
VisualStudioVersion = 15.0.26124.0
MinimumVisualStudioVersion = 15.0.26124.0
Project("{9A19103F-16F7-4668-BE54-9A1E7A4F7556}") = "R5T.Norsica.Default.Construction", "R5T.Norsica.Default.Construction\R5T.Norsica.Default.Construction.csproj", "{E0E2C09B-0C4E-454F-9B7B-C110C255607A}"
EndProject
Project("{9A19103F-16F7-4668-BE54-9A1E7A4F7556}") = "R5T.Norsica.Default", "R5T.Norsica.Default\R5T.Norsica.Default.csproj", "{6261575E-A49E-42E5-99CF-4BF252BF644B}"
EndProject
Project("{9A19103F-16F7-4668-BE54-9A1E7A4F7556}") = "R5T.Norsica.Default.Testing", "R5T.Norsica.Default.Testing\R5T.Norsica.Default.Testing.csproj", "{3099E991-F623-4876-9668-76B6E61A44DD}"
EndProject
Project("{2150E333-8FDC-42A3-9474-1A3956D46DE8}") = "_Dependencies", "_Dependencies", "{84451C63-BFF8-4BBF-A8A9-A91C5DF83C21}"
EndProject
Project("{9A19103F-16F7-4668-BE54-9A1E7A4F7556}") = "R5T.Norsica.Base", "..\..\R5T.Norsica.Base\source\R5T.Norsica.Base\R5T.Norsica.Base.csproj", "{741D4603-684C-4AE1-B853-B85DC115DFD8}"
EndProject
Project("{9A19103F-16F7-4668-BE54-9A1E7A4F7556}") = "R5T.Caledonia.Base", "..\..\R5T.Caledonia.Base\source\R5T.Caledonia.Base\R5T.Caledonia.Base.csproj", "{1C91BC03-E7B4-4F83-8C5C-3B26D3AAB0C6}"
EndProject
Project("{9A19103F-16F7-4668-BE54-9A1E7A4F7556}") = "R5T.Caledonia.Types", "..\..\R5T.Caledonia.Types\source\R5T.Caledonia.Types\R5T.Caledonia.Types.csproj", "{DADF07BE-00D5-4865-932C-0DCCDF9D773B}"
EndProject
Project("{9A19103F-16F7-4668-BE54-9A1E7A4F7556}") = "R5T.Norsica.Configuration", "..\..\R5T.Norsica.Configuration\source\R5T.Norsica.Configuration\R5T.Norsica.Configuration.csproj", "{7B49B17F-03B8-4E30-842F-F536E1B14621}"
EndProject
Project("{9A19103F-16F7-4668-BE54-9A1E7A4F7556}") = "R5T.Magyar", "..\..\R5T.Magyar\source\R5T.Magyar\R5T.Magyar.csproj", "{9AD2EDF4-8CA8-4050-A15F-F09411F1BC39}"
EndProject
Project("{9A19103F-16F7-4668-BE54-9A1E7A4F7556}") = "R5T.Norsica.Commands", "..\..\R5T.Norsica.Commands\source\R5T.Norsica.Commands\R5T.Norsica.Commands.csproj", "{4140DC60-B03A-4687-9FC1-11D43F463A99}"
EndProject
Project("{9A19103F-16F7-4668-BE54-9A1E7A4F7556}") = "R5T.Heraklion", "..\..\R5T.Heraklion\source\R5T.Heraklion\R5T.Heraklion.csproj", "{00229431-84FC-4A45-AB98-4723A2D68800}"
EndProject
Project("{9A19103F-16F7-4668-BE54-9A1E7A4F7556}") = "R5T.Piraeus", "..\..\R5T.Piraeus\source\R5T.Piraeus\R5T.Piraeus.csproj", "{33877256-F791-4AA6-95BE-B53A1FEB2905}"
EndProject
Project("{9A19103F-16F7-4668-BE54-9A1E7A4F7556}") = "R5T.Volos", "..\..\R5T.Volos\source\R5T.Volos\R5T.Volos.csproj", "{35CB05B8-DB67-454F-91E7-7F23307EA6C1}"
EndProject
Project("{9A19103F-16F7-4668-BE54-9A1E7A4F7556}") = "R5T.Heraklion.Default", "..\..\R5T.Heraklion.Default\source\R5T.Heraklion.Default\R5T.Heraklion.Default.csproj", "{9D6084F7-5F70-41B3-8256-D5C461F74A33}"
EndProject
Project("{9A19103F-16F7-4668-BE54-9A1E7A4F7556}") = "R5T.Piraeus.StringBuilder", "..\..\R5T.Piraeus.StringBuilder\source\R5T.Piraeus.StringBuilder\R5T.Piraeus.StringBuilder.csproj", "{4C82F6CC-55B8-44F5-86E0-BC52CB30DB46}"
EndProject
Global
	GlobalSection(SolutionConfigurationPlatforms) = preSolution
		Debug|Any CPU = Debug|Any CPU
		Debug|x64 = Debug|x64
		Debug|x86 = Debug|x86
		Release|Any CPU = Release|Any CPU
		Release|x64 = Release|x64
		Release|x86 = Release|x86
	EndGlobalSection
	GlobalSection(ProjectConfigurationPlatforms) = postSolution
		{E0E2C09B-0C4E-454F-9B7B-C110C255607A}.Debug|Any CPU.ActiveCfg = Debug|Any CPU
		{E0E2C09B-0C4E-454F-9B7B-C110C255607A}.Debug|Any CPU.Build.0 = Debug|Any CPU
		{E0E2C09B-0C4E-454F-9B7B-C110C255607A}.Debug|x64.ActiveCfg = Debug|Any CPU
		{E0E2C09B-0C4E-454F-9B7B-C110C255607A}.Debug|x64.Build.0 = Debug|Any CPU
		{E0E2C09B-0C4E-454F-9B7B-C110C255607A}.Debug|x86.ActiveCfg = Debug|Any CPU
		{E0E2C09B-0C4E-454F-9B7B-C110C255607A}.Debug|x86.Build.0 = Debug|Any CPU
		{E0E2C09B-0C4E-454F-9B7B-C110C255607A}.Release|Any CPU.ActiveCfg = Release|Any CPU
		{E0E2C09B-0C4E-454F-9B7B-C110C255607A}.Release|Any CPU.Build.0 = Release|Any CPU
		{E0E2C09B-0C4E-454F-9B7B-C110C255607A}.Release|x64.ActiveCfg = Release|Any CPU
		{E0E2C09B-0C4E-454F-9B7B-C110C255607A}.Release|x64.Build.0 = Release|Any CPU
		{E0E2C09B-0C4E-454F-9B7B-C110C255607A}.Release|x86.ActiveCfg = Release|Any CPU
		{E0E2C09B-0C4E-454F-9B7B-C110C255607A}.Release|x86.Build.0 = Release|Any CPU
		{6261575E-A49E-42E5-99CF-4BF252BF644B}.Debug|Any CPU.ActiveCfg = Debug|Any CPU
		{6261575E-A49E-42E5-99CF-4BF252BF644B}.Debug|Any CPU.Build.0 = Debug|Any CPU
		{6261575E-A49E-42E5-99CF-4BF252BF644B}.Debug|x64.ActiveCfg = Debug|Any CPU
		{6261575E-A49E-42E5-99CF-4BF252BF644B}.Debug|x64.Build.0 = Debug|Any CPU
		{6261575E-A49E-42E5-99CF-4BF252BF644B}.Debug|x86.ActiveCfg = Debug|Any CPU
		{6261575E-A49E-42E5-99CF-4BF252BF644B}.Debug|x86.Build.0 = Debug|Any CPU
		{6261575E-A49E-42E5-99CF-4BF252BF644B}.Release|Any CPU.ActiveCfg = Release|Any CPU
		{6261575E-A49E-42E5-99CF-4BF252BF644B}.Release|Any CPU.Build.0 = Release|Any CPU
		{6261575E-A49E-42E5-99CF-4BF252BF644B}.Release|x64.ActiveCfg = Release|Any CPU
		{6261575E-A49E-42E5-99CF-4BF252BF644B}.Release|x64.Build.0 = Release|Any CPU
		{6261575E-A49E-42E5-99CF-4BF252BF644B}.Release|x86.ActiveCfg = Release|Any CPU
		{6261575E-A49E-42E5-99CF-4BF252BF644B}.Release|x86.Build.0 = Release|Any CPU
		{3099E991-F623-4876-9668-76B6E61A44DD}.Debug|Any CPU.ActiveCfg = Debug|Any CPU
		{3099E991-F623-4876-9668-76B6E61A44DD}.Debug|Any CPU.Build.0 = Debug|Any CPU
		{3099E991-F623-4876-9668-76B6E61A44DD}.Debug|x64.ActiveCfg = Debug|Any CPU
		{3099E991-F623-4876-9668-76B6E61A44DD}.Debug|x64.Build.0 = Debug|Any CPU
		{3099E991-F623-4876-9668-76B6E61A44DD}.Debug|x86.ActiveCfg = Debug|Any CPU
		{3099E991-F623-4876-9668-76B6E61A44DD}.Debug|x86.Build.0 = Debug|Any CPU
		{3099E991-F623-4876-9668-76B6E61A44DD}.Release|Any CPU.ActiveCfg = Release|Any CPU
		{3099E991-F623-4876-9668-76B6E61A44DD}.Release|Any CPU.Build.0 = Release|Any CPU
		{3099E991-F623-4876-9668-76B6E61A44DD}.Release|x64.ActiveCfg = Release|Any CPU
		{3099E991-F623-4876-9668-76B6E61A44DD}.Release|x64.Build.0 = Release|Any CPU
		{3099E991-F623-4876-9668-76B6E61A44DD}.Release|x86.ActiveCfg = Release|Any CPU
		{3099E991-F623-4876-9668-76B6E61A44DD}.Release|x86.Build.0 = Release|Any CPU
		{741D4603-684C-4AE1-B853-B85DC115DFD8}.Debug|Any CPU.ActiveCfg = Debug|Any CPU
		{741D4603-684C-4AE1-B853-B85DC115DFD8}.Debug|Any CPU.Build.0 = Debug|Any CPU
		{741D4603-684C-4AE1-B853-B85DC115DFD8}.Debug|x64.ActiveCfg = Debug|Any CPU
		{741D4603-684C-4AE1-B853-B85DC115DFD8}.Debug|x64.Build.0 = Debug|Any CPU
		{741D4603-684C-4AE1-B853-B85DC115DFD8}.Debug|x86.ActiveCfg = Debug|Any CPU
		{741D4603-684C-4AE1-B853-B85DC115DFD8}.Debug|x86.Build.0 = Debug|Any CPU
		{741D4603-684C-4AE1-B853-B85DC115DFD8}.Release|Any CPU.ActiveCfg = Release|Any CPU
		{741D4603-684C-4AE1-B853-B85DC115DFD8}.Release|Any CPU.Build.0 = Release|Any CPU
		{741D4603-684C-4AE1-B853-B85DC115DFD8}.Release|x64.ActiveCfg = Release|Any CPU
		{741D4603-684C-4AE1-B853-B85DC115DFD8}.Release|x64.Build.0 = Release|Any CPU
		{741D4603-684C-4AE1-B853-B85DC115DFD8}.Release|x86.ActiveCfg = Release|Any CPU
		{741D4603-684C-4AE1-B853-B85DC115DFD8}.Release|x86.Build.0 = Release|Any CPU
		{1C91BC03-E7B4-4F83-8C5C-3B26D3AAB0C6}.Debug|Any CPU.ActiveCfg = Debug|Any CPU
		{1C91BC03-E7B4-4F83-8C5C-3B26D3AAB0C6}.Debug|Any CPU.Build.0 = Debug|Any CPU
		{1C91BC03-E7B4-4F83-8C5C-3B26D3AAB0C6}.Debug|x64.ActiveCfg = Debug|Any CPU
		{1C91BC03-E7B4-4F83-8C5C-3B26D3AAB0C6}.Debug|x64.Build.0 = Debug|Any CPU
		{1C91BC03-E7B4-4F83-8C5C-3B26D3AAB0C6}.Debug|x86.ActiveCfg = Debug|Any CPU
		{1C91BC03-E7B4-4F83-8C5C-3B26D3AAB0C6}.Debug|x86.Build.0 = Debug|Any CPU
		{1C91BC03-E7B4-4F83-8C5C-3B26D3AAB0C6}.Release|Any CPU.ActiveCfg = Release|Any CPU
		{1C91BC03-E7B4-4F83-8C5C-3B26D3AAB0C6}.Release|Any CPU.Build.0 = Release|Any CPU
		{1C91BC03-E7B4-4F83-8C5C-3B26D3AAB0C6}.Release|x64.ActiveCfg = Release|Any CPU
		{1C91BC03-E7B4-4F83-8C5C-3B26D3AAB0C6}.Release|x64.Build.0 = Release|Any CPU
		{1C91BC03-E7B4-4F83-8C5C-3B26D3AAB0C6}.Release|x86.ActiveCfg = Release|Any CPU
		{1C91BC03-E7B4-4F83-8C5C-3B26D3AAB0C6}.Release|x86.Build.0 = Release|Any CPU
		{DADF07BE-00D5-4865-932C-0DCCDF9D773B}.Debug|Any CPU.ActiveCfg = Debug|Any CPU
		{DADF07BE-00D5-4865-932C-0DCCDF9D773B}.Debug|Any CPU.Build.0 = Debug|Any CPU
		{DADF07BE-00D5-4865-932C-0DCCDF9D773B}.Debug|x64.ActiveCfg = Debug|Any CPU
		{DADF07BE-00D5-4865-932C-0DCCDF9D773B}.Debug|x64.Build.0 = Debug|Any CPU
		{DADF07BE-00D5-4865-932C-0DCCDF9D773B}.Debug|x86.ActiveCfg = Debug|Any CPU
		{DADF07BE-00D5-4865-932C-0DCCDF9D773B}.Debug|x86.Build.0 = Debug|Any CPU
		{DADF07BE-00D5-4865-932C-0DCCDF9D773B}.Release|Any CPU.ActiveCfg = Release|Any CPU
		{DADF07BE-00D5-4865-932C-0DCCDF9D773B}.Release|Any CPU.Build.0 = Release|Any CPU
		{DADF07BE-00D5-4865-932C-0DCCDF9D773B}.Release|x64.ActiveCfg = Release|Any CPU
		{DADF07BE-00D5-4865-932C-0DCCDF9D773B}.Release|x64.Build.0 = Release|Any CPU
		{DADF07BE-00D5-4865-932C-0DCCDF9D773B}.Release|x86.ActiveCfg = Release|Any CPU
		{DADF07BE-00D5-4865-932C-0DCCDF9D773B}.Release|x86.Build.0 = Release|Any CPU
		{7B49B17F-03B8-4E30-842F-F536E1B14621}.Debug|Any CPU.ActiveCfg = Debug|Any CPU
		{7B49B17F-03B8-4E30-842F-F536E1B14621}.Debug|Any CPU.Build.0 = Debug|Any CPU
		{7B49B17F-03B8-4E30-842F-F536E1B14621}.Debug|x64.ActiveCfg = Debug|Any CPU
		{7B49B17F-03B8-4E30-842F-F536E1B14621}.Debug|x64.Build.0 = Debug|Any CPU
		{7B49B17F-03B8-4E30-842F-F536E1B14621}.Debug|x86.ActiveCfg = Debug|Any CPU
		{7B49B17F-03B8-4E30-842F-F536E1B14621}.Debug|x86.Build.0 = Debug|Any CPU
		{7B49B17F-03B8-4E30-842F-F536E1B14621}.Release|Any CPU.ActiveCfg = Release|Any CPU
		{7B49B17F-03B8-4E30-842F-F536E1B14621}.Release|Any CPU.Build.0 = Release|Any CPU
		{7B49B17F-03B8-4E30-842F-F536E1B14621}.Release|x64.ActiveCfg = Release|Any CPU
		{7B49B17F-03B8-4E30-842F-F536E1B14621}.Release|x64.Build.0 = Release|Any CPU
		{7B49B17F-03B8-4E30-842F-F536E1B14621}.Release|x86.ActiveCfg = Release|Any CPU
		{7B49B17F-03B8-4E30-842F-F536E1B14621}.Release|x86.Build.0 = Release|Any CPU
		{9AD2EDF4-8CA8-4050-A15F-F09411F1BC39}.Debug|Any CPU.ActiveCfg = Debug|Any CPU
		{9AD2EDF4-8CA8-4050-A15F-F09411F1BC39}.Debug|Any CPU.Build.0 = Debug|Any CPU
		{9AD2EDF4-8CA8-4050-A15F-F09411F1BC39}.Debug|x64.ActiveCfg = Debug|Any CPU
		{9AD2EDF4-8CA8-4050-A15F-F09411F1BC39}.Debug|x64.Build.0 = Debug|Any CPU
		{9AD2EDF4-8CA8-4050-A15F-F09411F1BC39}.Debug|x86.ActiveCfg = Debug|Any CPU
		{9AD2EDF4-8CA8-4050-A15F-F09411F1BC39}.Debug|x86.Build.0 = Debug|Any CPU
		{9AD2EDF4-8CA8-4050-A15F-F09411F1BC39}.Release|Any CPU.ActiveCfg = Release|Any CPU
		{9AD2EDF4-8CA8-4050-A15F-F09411F1BC39}.Release|Any CPU.Build.0 = Release|Any CPU
		{9AD2EDF4-8CA8-4050-A15F-F09411F1BC39}.Release|x64.ActiveCfg = Release|Any CPU
		{9AD2EDF4-8CA8-4050-A15F-F09411F1BC39}.Release|x64.Build.0 = Release|Any CPU
		{9AD2EDF4-8CA8-4050-A15F-F09411F1BC39}.Release|x86.ActiveCfg = Release|Any CPU
		{9AD2EDF4-8CA8-4050-A15F-F09411F1BC39}.Release|x86.Build.0 = Release|Any CPU
		{4140DC60-B03A-4687-9FC1-11D43F463A99}.Debug|Any CPU.ActiveCfg = Debug|Any CPU
		{4140DC60-B03A-4687-9FC1-11D43F463A99}.Debug|Any CPU.Build.0 = Debug|Any CPU
		{4140DC60-B03A-4687-9FC1-11D43F463A99}.Debug|x64.ActiveCfg = Debug|Any CPU
		{4140DC60-B03A-4687-9FC1-11D43F463A99}.Debug|x64.Build.0 = Debug|Any CPU
		{4140DC60-B03A-4687-9FC1-11D43F463A99}.Debug|x86.ActiveCfg = Debug|Any CPU
		{4140DC60-B03A-4687-9FC1-11D43F463A99}.Debug|x86.Build.0 = Debug|Any CPU
		{4140DC60-B03A-4687-9FC1-11D43F463A99}.Release|Any CPU.ActiveCfg = Release|Any CPU
		{4140DC60-B03A-4687-9FC1-11D43F463A99}.Release|Any CPU.Build.0 = Release|Any CPU
		{4140DC60-B03A-4687-9FC1-11D43F463A99}.Release|x64.ActiveCfg = Release|Any CPU
		{4140DC60-B03A-4687-9FC1-11D43F463A99}.Release|x64.Build.0 = Release|Any CPU
		{4140DC60-B03A-4687-9FC1-11D43F463A99}.Release|x86.ActiveCfg = Release|Any CPU
		{4140DC60-B03A-4687-9FC1-11D43F463A99}.Release|x86.Build.0 = Release|Any CPU
		{00229431-84FC-4A45-AB98-4723A2D68800}.Debug|Any CPU.ActiveCfg = Debug|Any CPU
		{00229431-84FC-4A45-AB98-4723A2D68800}.Debug|Any CPU.Build.0 = Debug|Any CPU
		{00229431-84FC-4A45-AB98-4723A2D68800}.Debug|x64.ActiveCfg = Debug|Any CPU
		{00229431-84FC-4A45-AB98-4723A2D68800}.Debug|x64.Build.0 = Debug|Any CPU
		{00229431-84FC-4A45-AB98-4723A2D68800}.Debug|x86.ActiveCfg = Debug|Any CPU
		{00229431-84FC-4A45-AB98-4723A2D68800}.Debug|x86.Build.0 = Debug|Any CPU
		{00229431-84FC-4A45-AB98-4723A2D68800}.Release|Any CPU.ActiveCfg = Release|Any CPU
		{00229431-84FC-4A45-AB98-4723A2D68800}.Release|Any CPU.Build.0 = Release|Any CPU
		{00229431-84FC-4A45-AB98-4723A2D68800}.Release|x64.ActiveCfg = Release|Any CPU
		{00229431-84FC-4A45-AB98-4723A2D68800}.Release|x64.Build.0 = Release|Any CPU
		{00229431-84FC-4A45-AB98-4723A2D68800}.Release|x86.ActiveCfg = Release|Any CPU
		{00229431-84FC-4A45-AB98-4723A2D68800}.Release|x86.Build.0 = Release|Any CPU
		{33877256-F791-4AA6-95BE-B53A1FEB2905}.Debug|Any CPU.ActiveCfg = Debug|Any CPU
		{33877256-F791-4AA6-95BE-B53A1FEB2905}.Debug|Any CPU.Build.0 = Debug|Any CPU
		{33877256-F791-4AA6-95BE-B53A1FEB2905}.Debug|x64.ActiveCfg = Debug|Any CPU
		{33877256-F791-4AA6-95BE-B53A1FEB2905}.Debug|x64.Build.0 = Debug|Any CPU
		{33877256-F791-4AA6-95BE-B53A1FEB2905}.Debug|x86.ActiveCfg = Debug|Any CPU
		{33877256-F791-4AA6-95BE-B53A1FEB2905}.Debug|x86.Build.0 = Debug|Any CPU
		{33877256-F791-4AA6-95BE-B53A1FEB2905}.Release|Any CPU.ActiveCfg = Release|Any CPU
		{33877256-F791-4AA6-95BE-B53A1FEB2905}.Release|Any CPU.Build.0 = Release|Any CPU
		{33877256-F791-4AA6-95BE-B53A1FEB2905}.Release|x64.ActiveCfg = Release|Any CPU
		{33877256-F791-4AA6-95BE-B53A1FEB2905}.Release|x64.Build.0 = Release|Any CPU
		{33877256-F791-4AA6-95BE-B53A1FEB2905}.Release|x86.ActiveCfg = Release|Any CPU
		{33877256-F791-4AA6-95BE-B53A1FEB2905}.Release|x86.Build.0 = Release|Any CPU
		{35CB05B8-DB67-454F-91E7-7F23307EA6C1}.Debug|Any CPU.ActiveCfg = Debug|Any CPU
		{35CB05B8-DB67-454F-91E7-7F23307EA6C1}.Debug|Any CPU.Build.0 = Debug|Any CPU
		{35CB05B8-DB67-454F-91E7-7F23307EA6C1}.Debug|x64.ActiveCfg = Debug|Any CPU
		{35CB05B8-DB67-454F-91E7-7F23307EA6C1}.Debug|x64.Build.0 = Debug|Any CPU
		{35CB05B8-DB67-454F-91E7-7F23307EA6C1}.Debug|x86.ActiveCfg = Debug|Any CPU
		{35CB05B8-DB67-454F-91E7-7F23307EA6C1}.Debug|x86.Build.0 = Debug|Any CPU
		{35CB05B8-DB67-454F-91E7-7F23307EA6C1}.Release|Any CPU.ActiveCfg = Release|Any CPU
		{35CB05B8-DB67-454F-91E7-7F23307EA6C1}.Release|Any CPU.Build.0 = Release|Any CPU
		{35CB05B8-DB67-454F-91E7-7F23307EA6C1}.Release|x64.ActiveCfg = Release|Any CPU
		{35CB05B8-DB67-454F-91E7-7F23307EA6C1}.Release|x64.Build.0 = Release|Any CPU
		{35CB05B8-DB67-454F-91E7-7F23307EA6C1}.Release|x86.ActiveCfg = Release|Any CPU
		{35CB05B8-DB67-454F-91E7-7F23307EA6C1}.Release|x86.Build.0 = Release|Any CPU
		{9D6084F7-5F70-41B3-8256-D5C461F74A33}.Debug|Any CPU.ActiveCfg = Debug|Any CPU
		{9D6084F7-5F70-41B3-8256-D5C461F74A33}.Debug|Any CPU.Build.0 = Debug|Any CPU
		{9D6084F7-5F70-41B3-8256-D5C461F74A33}.Debug|x64.ActiveCfg = Debug|Any CPU
		{9D6084F7-5F70-41B3-8256-D5C461F74A33}.Debug|x64.Build.0 = Debug|Any CPU
		{9D6084F7-5F70-41B3-8256-D5C461F74A33}.Debug|x86.ActiveCfg = Debug|Any CPU
		{9D6084F7-5F70-41B3-8256-D5C461F74A33}.Debug|x86.Build.0 = Debug|Any CPU
		{9D6084F7-5F70-41B3-8256-D5C461F74A33}.Release|Any CPU.ActiveCfg = Release|Any CPU
		{9D6084F7-5F70-41B3-8256-D5C461F74A33}.Release|Any CPU.Build.0 = Release|Any CPU
		{9D6084F7-5F70-41B3-8256-D5C461F74A33}.Release|x64.ActiveCfg = Release|Any CPU
		{9D6084F7-5F70-41B3-8256-D5C461F74A33}.Release|x64.Build.0 = Release|Any CPU
		{9D6084F7-5F70-41B3-8256-D5C461F74A33}.Release|x86.ActiveCfg = Release|Any CPU
		{9D6084F7-5F70-41B3-8256-D5C461F74A33}.Release|x86.Build.0 = Release|Any CPU
		{4C82F6CC-55B8-44F5-86E0-BC52CB30DB46}.Debug|Any CPU.ActiveCfg = Debug|Any CPU
		{4C82F6CC-55B8-44F5-86E0-BC52CB30DB46}.Debug|Any CPU.Build.0 = Debug|Any CPU
		{4C82F6CC-55B8-44F5-86E0-BC52CB30DB46}.Debug|x64.ActiveCfg = Debug|Any CPU
		{4C82F6CC-55B8-44F5-86E0-BC52CB30DB46}.Debug|x64.Build.0 = Debug|Any CPU
		{4C82F6CC-55B8-44F5-86E0-BC52CB30DB46}.Debug|x86.ActiveCfg = Debug|Any CPU
		{4C82F6CC-55B8-44F5-86E0-BC52CB30DB46}.Debug|x86.Build.0 = Debug|Any CPU
		{4C82F6CC-55B8-44F5-86E0-BC52CB30DB46}.Release|Any CPU.ActiveCfg = Release|Any CPU
		{4C82F6CC-55B8-44F5-86E0-BC52CB30DB46}.Release|Any CPU.Build.0 = Release|Any CPU
		{4C82F6CC-55B8-44F5-86E0-BC52CB30DB46}.Release|x64.ActiveCfg = Release|Any CPU
		{4C82F6CC-55B8-44F5-86E0-BC52CB30DB46}.Release|x64.Build.0 = Release|Any CPU
		{4C82F6CC-55B8-44F5-86E0-BC52CB30DB46}.Release|x86.ActiveCfg = Release|Any CPU
		{4C82F6CC-55B8-44F5-86E0-BC52CB30DB46}.Release|x86.Build.0 = Release|Any CPU
	EndGlobalSection
	GlobalSection(SolutionProperties) = preSolution
		HideSolutionNode = FALSE
	EndGlobalSection
	GlobalSection(NestedProjects) = preSolution
		{741D4603-684C-4AE1-B853-B85DC115DFD8} = {84451C63-BFF8-4BBF-A8A9-A91C5DF83C21}
		{1C91BC03-E7B4-4F83-8C5C-3B26D3AAB0C6} = {84451C63-BFF8-4BBF-A8A9-A91C5DF83C21}
		{DADF07BE-00D5-4865-932C-0DCCDF9D773B} = {84451C63-BFF8-4BBF-A8A9-A91C5DF83C21}
		{7B49B17F-03B8-4E30-842F-F536E1B14621} = {84451C63-BFF8-4BBF-A8A9-A91C5DF83C21}
		{9AD2EDF4-8CA8-4050-A15F-F09411F1BC39} = {84451C63-BFF8-4BBF-A8A9-A91C5DF83C21}
		{4140DC60-B03A-4687-9FC1-11D43F463A99} = {84451C63-BFF8-4BBF-A8A9-A91C5DF83C21}
		{00229431-84FC-4A45-AB98-4723A2D68800} = {84451C63-BFF8-4BBF-A8A9-A91C5DF83C21}
		{33877256-F791-4AA6-95BE-B53A1FEB2905} = {84451C63-BFF8-4BBF-A8A9-A91C5DF83C21}
		{35CB05B8-DB67-454F-91E7-7F23307EA6C1} = {84451C63-BFF8-4BBF-A8A9-A91C5DF83C21}
		{9D6084F7-5F70-41B3-8256-D5C461F74A33} = {84451C63-BFF8-4BBF-A8A9-A91C5DF83C21}
		{4C82F6CC-55B8-44F5-86E0-BC52CB30DB46} = {84451C63-BFF8-4BBF-A8A9-A91C5DF83C21}
	EndGlobalSection
	GlobalSection(ExtensibilityGlobals) = postSolution
		SolutionGuid = {53CF6DF3-D18C-40CC-933A-3E2679D6A1D7}
	EndGlobalSection
EndGlobal
