
Microsoft Visual Studio Solution File, Format Version 12.00
# Visual Studio 15
VisualStudioVersion = 15.0.26124.0
MinimumVisualStudioVersion = 15.0.26124.0
Project("{9A19103F-16F7-4668-BE54-9A1E7A4F7556}") = "R5T.Norsica.Default.Construction", "R5T.Norsica.Default.Construction\R5T.Norsica.Default.Construction.csproj", "{E0E2C09B-0C4E-454F-9B7B-C110C255607A}"
EndProject
Project("{9A19103F-16F7-4668-BE54-9A1E7A4F7556}") = "R5T.Norsica.Default", "R5T.Norsica.Default\R5T.Norsica.Default.csproj", "{6261575E-A49E-42E5-99CF-4BF252BF644B}"
EndProject
Project("{9A19103F-16F7-4668-BE54-9A1E7A4F7556}") = "R5T.Norsica.Default.Testing", "R5T.Norsica.Default.Testing\R5T.Norsica.Default.Testing.csproj", "{3099E991-F623-4876-9668-76B6E61A44DD}"
EndProject
Project("{2150E333-8FDC-42A3-9474-1A3956D46DE8}") = "_Dependencies", "_Dependencies", "{84451C63-BFF8-4BBF-A8A9-A91C5DF83C21}"
EndProject
Project("{9A19103F-16F7-4668-BE54-9A1E7A4F7556}") = "R5T.Norsica.Base", "..\..\R5T.Norsica.Base\source\R5T.Norsica.Base\R5T.Norsica.Base.csproj", "{741D4603-684C-4AE1-B853-B85DC115DFD8}"
EndProject
Project("{9A19103F-16F7-4668-BE54-9A1E7A4F7556}") = "R5T.Angleterria", "..\..\R5T.Angleterria\source\R5T.Angleterria\R5T.Angleterria.csproj", "{18AB860D-9FD3-45A7-92F8-38C7089A7E0E}"
EndProject
Project("{9A19103F-16F7-4668-BE54-9A1E7A4F7556}") = "R5T.Caledonia.Default", "..\..\R5T.Caledonia.Default\source\R5T.Caledonia.Default\R5T.Caledonia.Default.csproj", "{065D902B-42B6-4337-8C01-3C4737EC0BBF}"
EndProject
Project("{9A19103F-16F7-4668-BE54-9A1E7A4F7556}") = "R5T.Caledonia.Base", "..\..\R5T.Caledonia.Base\source\R5T.Caledonia.Base\R5T.Caledonia.Base.csproj", "{30911C27-57F0-4B01-9BE9-190F72F3035F}"
EndProject
Project("{9A19103F-16F7-4668-BE54-9A1E7A4F7556}") = "R5T.Caledonia.Types", "..\..\R5T.Caledonia.Types\source\R5T.Caledonia.Types\R5T.Caledonia.Types.csproj", "{91D94E81-B83F-42EE-9D3E-D751E8BF9E75}"
EndProject
Project("{9A19103F-16F7-4668-BE54-9A1E7A4F7556}") = "R5T.Magyar", "..\..\R5T.Magyar\source\R5T.Magyar\R5T.Magyar.csproj", "{44791C2C-8ED5-486E-9D3B-8203F08E1131}"
EndProject
Global
	GlobalSection(SolutionConfigurationPlatforms) = preSolution
		Debug|Any CPU = Debug|Any CPU
		Debug|x64 = Debug|x64
		Debug|x86 = Debug|x86
		Release|Any CPU = Release|Any CPU
		Release|x64 = Release|x64
		Release|x86 = Release|x86
	EndGlobalSection
	GlobalSection(ProjectConfigurationPlatforms) = postSolution
		{E0E2C09B-0C4E-454F-9B7B-C110C255607A}.Debug|Any CPU.ActiveCfg = Debug|Any CPU
		{E0E2C09B-0C4E-454F-9B7B-C110C255607A}.Debug|Any CPU.Build.0 = Debug|Any CPU
		{E0E2C09B-0C4E-454F-9B7B-C110C255607A}.Debug|x64.ActiveCfg = Debug|Any CPU
		{E0E2C09B-0C4E-454F-9B7B-C110C255607A}.Debug|x64.Build.0 = Debug|Any CPU
		{E0E2C09B-0C4E-454F-9B7B-C110C255607A}.Debug|x86.ActiveCfg = Debug|Any CPU
		{E0E2C09B-0C4E-454F-9B7B-C110C255607A}.Debug|x86.Build.0 = Debug|Any CPU
		{E0E2C09B-0C4E-454F-9B7B-C110C255607A}.Release|Any CPU.ActiveCfg = Release|Any CPU
		{E0E2C09B-0C4E-454F-9B7B-C110C255607A}.Release|Any CPU.Build.0 = Release|Any CPU
		{E0E2C09B-0C4E-454F-9B7B-C110C255607A}.Release|x64.ActiveCfg = Release|Any CPU
		{E0E2C09B-0C4E-454F-9B7B-C110C255607A}.Release|x64.Build.0 = Release|Any CPU
		{E0E2C09B-0C4E-454F-9B7B-C110C255607A}.Release|x86.ActiveCfg = Release|Any CPU
		{E0E2C09B-0C4E-454F-9B7B-C110C255607A}.Release|x86.Build.0 = Release|Any CPU
		{6261575E-A49E-42E5-99CF-4BF252BF644B}.Debug|Any CPU.ActiveCfg = Debug|Any CPU
		{6261575E-A49E-42E5-99CF-4BF252BF644B}.Debug|Any CPU.Build.0 = Debug|Any CPU
		{6261575E-A49E-42E5-99CF-4BF252BF644B}.Debug|x64.ActiveCfg = Debug|Any CPU
		{6261575E-A49E-42E5-99CF-4BF252BF644B}.Debug|x64.Build.0 = Debug|Any CPU
		{6261575E-A49E-42E5-99CF-4BF252BF644B}.Debug|x86.ActiveCfg = Debug|Any CPU
		{6261575E-A49E-42E5-99CF-4BF252BF644B}.Debug|x86.Build.0 = Debug|Any CPU
		{6261575E-A49E-42E5-99CF-4BF252BF644B}.Release|Any CPU.ActiveCfg = Release|Any CPU
		{6261575E-A49E-42E5-99CF-4BF252BF644B}.Release|Any CPU.Build.0 = Release|Any CPU
		{6261575E-A49E-42E5-99CF-4BF252BF644B}.Release|x64.ActiveCfg = Release|Any CPU
		{6261575E-A49E-42E5-99CF-4BF252BF644B}.Release|x64.Build.0 = Release|Any CPU
		{6261575E-A49E-42E5-99CF-4BF252BF644B}.Release|x86.ActiveCfg = Release|Any CPU
		{6261575E-A49E-42E5-99CF-4BF252BF644B}.Release|x86.Build.0 = Release|Any CPU
		{3099E991-F623-4876-9668-76B6E61A44DD}.Debug|Any CPU.ActiveCfg = Debug|Any CPU
		{3099E991-F623-4876-9668-76B6E61A44DD}.Debug|Any CPU.Build.0 = Debug|Any CPU
		{3099E991-F623-4876-9668-76B6E61A44DD}.Debug|x64.ActiveCfg = Debug|Any CPU
		{3099E991-F623-4876-9668-76B6E61A44DD}.Debug|x64.Build.0 = Debug|Any CPU
		{3099E991-F623-4876-9668-76B6E61A44DD}.Debug|x86.ActiveCfg = Debug|Any CPU
		{3099E991-F623-4876-9668-76B6E61A44DD}.Debug|x86.Build.0 = Debug|Any CPU
		{3099E991-F623-4876-9668-76B6E61A44DD}.Release|Any CPU.ActiveCfg = Release|Any CPU
		{3099E991-F623-4876-9668-76B6E61A44DD}.Release|Any CPU.Build.0 = Release|Any CPU
		{3099E991-F623-4876-9668-76B6E61A44DD}.Release|x64.ActiveCfg = Release|Any CPU
		{3099E991-F623-4876-9668-76B6E61A44DD}.Release|x64.Build.0 = Release|Any CPU
		{3099E991-F623-4876-9668-76B6E61A44DD}.Release|x86.ActiveCfg = Release|Any CPU
		{3099E991-F623-4876-9668-76B6E61A44DD}.Release|x86.Build.0 = Release|Any CPU
		{741D4603-684C-4AE1-B853-B85DC115DFD8}.Debug|Any CPU.ActiveCfg = Debug|Any CPU
		{741D4603-684C-4AE1-B853-B85DC115DFD8}.Debug|Any CPU.Build.0 = Debug|Any CPU
		{741D4603-684C-4AE1-B853-B85DC115DFD8}.Debug|x64.ActiveCfg = Debug|Any CPU
		{741D4603-684C-4AE1-B853-B85DC115DFD8}.Debug|x64.Build.0 = Debug|Any CPU
		{741D4603-684C-4AE1-B853-B85DC115DFD8}.Debug|x86.ActiveCfg = Debug|Any CPU
		{741D4603-684C-4AE1-B853-B85DC115DFD8}.Debug|x86.Build.0 = Debug|Any CPU
		{741D4603-684C-4AE1-B853-B85DC115DFD8}.Release|Any CPU.ActiveCfg = Release|Any CPU
		{741D4603-684C-4AE1-B853-B85DC115DFD8}.Release|Any CPU.Build.0 = Release|Any CPU
		{741D4603-684C-4AE1-B853-B85DC115DFD8}.Release|x64.ActiveCfg = Release|Any CPU
		{741D4603-684C-4AE1-B853-B85DC115DFD8}.Release|x64.Build.0 = Release|Any CPU
		{741D4603-684C-4AE1-B853-B85DC115DFD8}.Release|x86.ActiveCfg = Release|Any CPU
		{741D4603-684C-4AE1-B853-B85DC115DFD8}.Release|x86.Build.0 = Release|Any CPU
		{18AB860D-9FD3-45A7-92F8-38C7089A7E0E}.Debug|Any CPU.ActiveCfg = Debug|Any CPU
		{18AB860D-9FD3-45A7-92F8-38C7089A7E0E}.Debug|Any CPU.Build.0 = Debug|Any CPU
		{18AB860D-9FD3-45A7-92F8-38C7089A7E0E}.Debug|x64.ActiveCfg = Debug|Any CPU
		{18AB860D-9FD3-45A7-92F8-38C7089A7E0E}.Debug|x64.Build.0 = Debug|Any CPU
		{18AB860D-9FD3-45A7-92F8-38C7089A7E0E}.Debug|x86.ActiveCfg = Debug|Any CPU
		{18AB860D-9FD3-45A7-92F8-38C7089A7E0E}.Debug|x86.Build.0 = Debug|Any CPU
		{18AB860D-9FD3-45A7-92F8-38C7089A7E0E}.Release|Any CPU.ActiveCfg = Release|Any CPU
		{18AB860D-9FD3-45A7-92F8-38C7089A7E0E}.Release|Any CPU.Build.0 = Release|Any CPU
		{18AB860D-9FD3-45A7-92F8-38C7089A7E0E}.Release|x64.ActiveCfg = Release|Any CPU
		{18AB860D-9FD3-45A7-92F8-38C7089A7E0E}.Release|x64.Build.0 = Release|Any CPU
		{18AB860D-9FD3-45A7-92F8-38C7089A7E0E}.Release|x86.ActiveCfg = Release|Any CPU
		{18AB860D-9FD3-45A7-92F8-38C7089A7E0E}.Release|x86.Build.0 = Release|Any CPU
		{065D902B-42B6-4337-8C01-3C4737EC0BBF}.Debug|Any CPU.ActiveCfg = Debug|Any CPU
		{065D902B-42B6-4337-8C01-3C4737EC0BBF}.Debug|Any CPU.Build.0 = Debug|Any CPU
		{065D902B-42B6-4337-8C01-3C4737EC0BBF}.Debug|x64.ActiveCfg = Debug|Any CPU
		{065D902B-42B6-4337-8C01-3C4737EC0BBF}.Debug|x64.Build.0 = Debug|Any CPU
		{065D902B-42B6-4337-8C01-3C4737EC0BBF}.Debug|x86.ActiveCfg = Debug|Any CPU
		{065D902B-42B6-4337-8C01-3C4737EC0BBF}.Debug|x86.Build.0 = Debug|Any CPU
		{065D902B-42B6-4337-8C01-3C4737EC0BBF}.Release|Any CPU.ActiveCfg = Release|Any CPU
		{065D902B-42B6-4337-8C01-3C4737EC0BBF}.Release|Any CPU.Build.0 = Release|Any CPU
		{065D902B-42B6-4337-8C01-3C4737EC0BBF}.Release|x64.ActiveCfg = Release|Any CPU
		{065D902B-42B6-4337-8C01-3C4737EC0BBF}.Release|x64.Build.0 = Release|Any CPU
		{065D902B-42B6-4337-8C01-3C4737EC0BBF}.Release|x86.ActiveCfg = Release|Any CPU
		{065D902B-42B6-4337-8C01-3C4737EC0BBF}.Release|x86.Build.0 = Release|Any CPU
		{30911C27-57F0-4B01-9BE9-190F72F3035F}.Debug|Any CPU.ActiveCfg = Debug|Any CPU
		{30911C27-57F0-4B01-9BE9-190F72F3035F}.Debug|Any CPU.Build.0 = Debug|Any CPU
		{30911C27-57F0-4B01-9BE9-190F72F3035F}.Debug|x64.ActiveCfg = Debug|Any CPU
		{30911C27-57F0-4B01-9BE9-190F72F3035F}.Debug|x64.Build.0 = Debug|Any CPU
		{30911C27-57F0-4B01-9BE9-190F72F3035F}.Debug|x86.ActiveCfg = Debug|Any CPU
		{30911C27-57F0-4B01-9BE9-190F72F3035F}.Debug|x86.Build.0 = Debug|Any CPU
		{30911C27-57F0-4B01-9BE9-190F72F3035F}.Release|Any CPU.ActiveCfg = Release|Any CPU
		{30911C27-57F0-4B01-9BE9-190F72F3035F}.Release|Any CPU.Build.0 = Release|Any CPU
		{30911C27-57F0-4B01-9BE9-190F72F3035F}.Release|x64.ActiveCfg = Release|Any CPU
		{30911C27-57F0-4B01-9BE9-190F72F3035F}.Release|x64.Build.0 = Release|Any CPU
		{30911C27-57F0-4B01-9BE9-190F72F3035F}.Release|x86.ActiveCfg = Release|Any CPU
		{30911C27-57F0-4B01-9BE9-190F72F3035F}.Release|x86.Build.0 = Release|Any CPU
		{91D94E81-B83F-42EE-9D3E-D751E8BF9E75}.Debug|Any CPU.ActiveCfg = Debug|Any CPU
		{91D94E81-B83F-42EE-9D3E-D751E8BF9E75}.Debug|Any CPU.Build.0 = Debug|Any CPU
		{91D94E81-B83F-42EE-9D3E-D751E8BF9E75}.Debug|x64.ActiveCfg = Debug|Any CPU
		{91D94E81-B83F-42EE-9D3E-D751E8BF9E75}.Debug|x64.Build.0 = Debug|Any CPU
		{91D94E81-B83F-42EE-9D3E-D751E8BF9E75}.Debug|x86.ActiveCfg = Debug|Any CPU
		{91D94E81-B83F-42EE-9D3E-D751E8BF9E75}.Debug|x86.Build.0 = Debug|Any CPU
		{91D94E81-B83F-42EE-9D3E-D751E8BF9E75}.Release|Any CPU.ActiveCfg = Release|Any CPU
		{91D94E81-B83F-42EE-9D3E-D751E8BF9E75}.Release|Any CPU.Build.0 = Release|Any CPU
		{91D94E81-B83F-42EE-9D3E-D751E8BF9E75}.Release|x64.ActiveCfg = Release|Any CPU
		{91D94E81-B83F-42EE-9D3E-D751E8BF9E75}.Release|x64.Build.0 = Release|Any CPU
		{91D94E81-B83F-42EE-9D3E-D751E8BF9E75}.Release|x86.ActiveCfg = Release|Any CPU
		{91D94E81-B83F-42EE-9D3E-D751E8BF9E75}.Release|x86.Build.0 = Release|Any CPU
		{44791C2C-8ED5-486E-9D3B-8203F08E1131}.Debug|Any CPU.ActiveCfg = Debug|Any CPU
		{44791C2C-8ED5-486E-9D3B-8203F08E1131}.Debug|Any CPU.Build.0 = Debug|Any CPU
		{44791C2C-8ED5-486E-9D3B-8203F08E1131}.Debug|x64.ActiveCfg = Debug|Any CPU
		{44791C2C-8ED5-486E-9D3B-8203F08E1131}.Debug|x64.Build.0 = Debug|Any CPU
		{44791C2C-8ED5-486E-9D3B-8203F08E1131}.Debug|x86.ActiveCfg = Debug|Any CPU
		{44791C2C-8ED5-486E-9D3B-8203F08E1131}.Debug|x86.Build.0 = Debug|Any CPU
		{44791C2C-8ED5-486E-9D3B-8203F08E1131}.Release|Any CPU.ActiveCfg = Release|Any CPU
		{44791C2C-8ED5-486E-9D3B-8203F08E1131}.Release|Any CPU.Build.0 = Release|Any CPU
		{44791C2C-8ED5-486E-9D3B-8203F08E1131}.Release|x64.ActiveCfg = Release|Any CPU
		{44791C2C-8ED5-486E-9D3B-8203F08E1131}.Release|x64.Build.0 = Release|Any CPU
		{44791C2C-8ED5-486E-9D3B-8203F08E1131}.Release|x86.ActiveCfg = Release|Any CPU
		{44791C2C-8ED5-486E-9D3B-8203F08E1131}.Release|x86.Build.0 = Release|Any CPU
	EndGlobalSection
	GlobalSection(SolutionProperties) = preSolution
		HideSolutionNode = FALSE
	EndGlobalSection
	GlobalSection(NestedProjects) = preSolution
		{741D4603-684C-4AE1-B853-B85DC115DFD8} = {84451C63-BFF8-4BBF-A8A9-A91C5DF83C21}
		{18AB860D-9FD3-45A7-92F8-38C7089A7E0E} = {84451C63-BFF8-4BBF-A8A9-A91C5DF83C21}
		{065D902B-42B6-4337-8C01-3C4737EC0BBF} = {84451C63-BFF8-4BBF-A8A9-A91C5DF83C21}
		{30911C27-57F0-4B01-9BE9-190F72F3035F} = {84451C63-BFF8-4BBF-A8A9-A91C5DF83C21}
		{91D94E81-B83F-42EE-9D3E-D751E8BF9E75} = {84451C63-BFF8-4BBF-A8A9-A91C5DF83C21}
		{44791C2C-8ED5-486E-9D3B-8203F08E1131} = {84451C63-BFF8-4BBF-A8A9-A91C5DF83C21}
	EndGlobalSection
	GlobalSection(ExtensibilityGlobals) = postSolution
		SolutionGuid = {53CF6DF3-D18C-40CC-933A-3E2679D6A1D7}
	EndGlobalSection
EndGlobal
